// !$*UTF8*$!
{
	archiveVersion = 1;
	classes = {
	};
	objectVersion = 46;
	objects = {

/* Begin PBXBuildFile section */
		79173887170F924700A5D750 /* SetTableViewController.m in Sources */ = {isa = PBXBuildFile; fileRef = 79173886170F924700A5D750 /* SetTableViewController.m */; };
		793FB9E41715DD950001C07E /* RateSetViewController.m in Sources */ = {isa = PBXBuildFile; fileRef = 793FB9E31715DD950001C07E /* RateSetViewController.m */; };
		7987F68F170EBB4100C23C26 /* UIKit.framework in Frameworks */ = {isa = PBXBuildFile; fileRef = 7987F68E170EBB4100C23C26 /* UIKit.framework */; };
		7987F691170EBB4100C23C26 /* Foundation.framework in Frameworks */ = {isa = PBXBuildFile; fileRef = 7987F690170EBB4100C23C26 /* Foundation.framework */; };
		7987F693170EBB4100C23C26 /* CoreGraphics.framework in Frameworks */ = {isa = PBXBuildFile; fileRef = 7987F692170EBB4100C23C26 /* CoreGraphics.framework */; };
		7987F699170EBB4100C23C26 /* InfoPlist.strings in Resources */ = {isa = PBXBuildFile; fileRef = 7987F697170EBB4100C23C26 /* InfoPlist.strings */; };
		7987F69B170EBB4100C23C26 /* main.m in Sources */ = {isa = PBXBuildFile; fileRef = 7987F69A170EBB4100C23C26 /* main.m */; };
		7987F69F170EBB4100C23C26 /* CoachellerAppDelegate.m in Sources */ = {isa = PBXBuildFile; fileRef = 7987F69E170EBB4100C23C26 /* CoachellerAppDelegate.m */; };
		7987F6A1170EBB4100C23C26 /* Default.png in Resources */ = {isa = PBXBuildFile; fileRef = 7987F6A0170EBB4100C23C26 /* Default.png */; };
		7987F6A3170EBB4100C23C26 /* Default@2x.png in Resources */ = {isa = PBXBuildFile; fileRef = 7987F6A2170EBB4100C23C26 /* Default@2x.png */; };
		7987F6A5170EBB4100C23C26 /* Default-568h@2x.png in Resources */ = {isa = PBXBuildFile; fileRef = 7987F6A4170EBB4100C23C26 /* Default-568h@2x.png */; };
		7987F6A8170EBB4100C23C26 /* MainStoryboard_iPhone.storyboard in Resources */ = {isa = PBXBuildFile; fileRef = 7987F6A6170EBB4100C23C26 /* MainStoryboard_iPhone.storyboard */; };
		7987F6AB170EBB4100C23C26 /* MainStoryboard_iPad.storyboard in Resources */ = {isa = PBXBuildFile; fileRef = 7987F6A9170EBB4100C23C26 /* MainStoryboard_iPad.storyboard */; };
		7987F6B8170EBC9200C23C26 /* CustomPair.m in Sources */ = {isa = PBXBuildFile; fileRef = 7987F6B7170EBC9200C23C26 /* CustomPair.m */; };
		7987F6BE170EBCCF00C23C26 /* JSONArrayHashMap.m in Sources */ = {isa = PBXBuildFile; fileRef = 7987F6BD170EBCCF00C23C26 /* JSONArrayHashMap.m */; };
		7987F6C1170EBCDE00C23C26 /* JSONArraySortMap.m in Sources */ = {isa = PBXBuildFile; fileRef = 7987F6C0170EBCDE00C23C26 /* JSONArraySortMap.m */; };
		7987F6C4170EBCED00C23C26 /* LoginData.m in Sources */ = {isa = PBXBuildFile; fileRef = 7987F6C3170EBCED00C23C26 /* LoginData.m */; };
		7987F6CA170EBD6000C23C26 /* SetDataForTVC.m in Sources */ = {isa = PBXBuildFile; fileRef = 7987F6C9170EBD6000C23C26 /* SetDataForTVC.m */; };
		799D9FE61714DA8C00391BFC /* Icon.png in Resources */ = {isa = PBXBuildFile; fileRef = 799D9FE51714DA8C00391BFC /* Icon.png */; };
		799D9FE81714DA9E00391BFC /* Icon@2x.png in Resources */ = {isa = PBXBuildFile; fileRef = 799D9FE71714DA9E00391BFC /* Icon@2x.png */; };
		79D97CA51712B4C600D0B813 /* AppConstants.m in Sources */ = {isa = PBXBuildFile; fileRef = 79D97CA41712B4C600D0B813 /* AppConstants.m */; };
		79D97CA81712BC6E00D0B813 /* SwitchDayViewController.m in Sources */ = {isa = PBXBuildFile; fileRef = 79D97CA71712BC6E00D0B813 /* SwitchDayViewController.m */; };
		79FAB66C17123FA900AAC9C7 /* StorageManager.m in Sources */ = {isa = PBXBuildFile; fileRef = 79FAB66B17123FA900AAC9C7 /* StorageManager.m */; };
		79FAB66F17126E6F00AAC9C7 /* CalendarUtils.m in Sources */ = {isa = PBXBuildFile; fileRef = 79FAB66E17126E6E00AAC9C7 /* CalendarUtils.m */; };
		F6033059171272610042E8B2 /* FacebookSDK.framework in Frameworks */ = {isa = PBXBuildFile; fileRef = F6033058171272610042E8B2 /* FacebookSDK.framework */; };
		F603305B171272BF0042E8B2 /* FacebookSDKResources.bundle in Resources */ = {isa = PBXBuildFile; fileRef = F603305A171272BF0042E8B2 /* FacebookSDKResources.bundle */; };
		F603305D171272EA0042E8B2 /* FBUserSettingsViewResources.bundle in Resources */ = {isa = PBXBuildFile; fileRef = F603305C171272EA0042E8B2 /* FBUserSettingsViewResources.bundle */; };
		F603305F1712745E0042E8B2 /* Accounts.framework in Frameworks */ = {isa = PBXBuildFile; fileRef = F603305E1712745E0042E8B2 /* Accounts.framework */; settings = {ATTRIBUTES = (Weak, ); }; };
		F6033061171274660042E8B2 /* AdSupport.framework in Frameworks */ = {isa = PBXBuildFile; fileRef = F6033060171274660042E8B2 /* AdSupport.framework */; settings = {ATTRIBUTES = (Weak, ); }; };
		F6033063171274730042E8B2 /* Social.framework in Frameworks */ = {isa = PBXBuildFile; fileRef = F6033062171274730042E8B2 /* Social.framework */; settings = {ATTRIBUTES = (Weak, ); }; };
		F6ED20C817126AC10094A99F /* LoginTestViewController.m in Sources */ = {isa = PBXBuildFile; fileRef = F6ED20C717126AC10094A99F /* LoginTestViewController.m */; };
		F6ED20CB17126D310094A99F /* FacebookAuthController.m in Sources */ = {isa = PBXBuildFile; fileRef = F6ED20CA17126D310094A99F /* FacebookAuthController.m */; };
		F6ED20CE17126D5C0094A99F /* FacebookAuthModel.m in Sources */ = {isa = PBXBuildFile; fileRef = F6ED20CD17126D5C0094A99F /* FacebookAuthModel.m */; };
		F6FD080217140C9A00DE2F75 /* AuthController.m in Sources */ = {isa = PBXBuildFile; fileRef = F6FD080117140C9A00DE2F75 /* AuthController.m */; };
/* End PBXBuildFile section */

/* Begin PBXFileReference section */
		79173885170F924700A5D750 /* SetTableViewController.h */ = {isa = PBXFileReference; fileEncoding = 4; lastKnownFileType = sourcecode.c.h; path = SetTableViewController.h; sourceTree = "<group>"; };
		79173886170F924700A5D750 /* SetTableViewController.m */ = {isa = PBXFileReference; fileEncoding = 4; lastKnownFileType = sourcecode.c.objc; path = SetTableViewController.m; sourceTree = "<group>"; };
		793FB9E21715DD950001C07E /* RateSetViewController.h */ = {isa = PBXFileReference; fileEncoding = 4; lastKnownFileType = sourcecode.c.h; path = RateSetViewController.h; sourceTree = "<group>"; };
		793FB9E31715DD950001C07E /* RateSetViewController.m */ = {isa = PBXFileReference; fileEncoding = 4; lastKnownFileType = sourcecode.c.objc; path = RateSetViewController.m; sourceTree = "<group>"; };
		7987F68B170EBB4100C23C26 /* Coacheller.app */ = {isa = PBXFileReference; explicitFileType = wrapper.application; includeInIndex = 0; path = Coacheller.app; sourceTree = BUILT_PRODUCTS_DIR; };
		7987F68E170EBB4100C23C26 /* UIKit.framework */ = {isa = PBXFileReference; lastKnownFileType = wrapper.framework; name = UIKit.framework; path = System/Library/Frameworks/UIKit.framework; sourceTree = SDKROOT; };
		7987F690170EBB4100C23C26 /* Foundation.framework */ = {isa = PBXFileReference; lastKnownFileType = wrapper.framework; name = Foundation.framework; path = System/Library/Frameworks/Foundation.framework; sourceTree = SDKROOT; };
		7987F692170EBB4100C23C26 /* CoreGraphics.framework */ = {isa = PBXFileReference; lastKnownFileType = wrapper.framework; name = CoreGraphics.framework; path = System/Library/Frameworks/CoreGraphics.framework; sourceTree = SDKROOT; };
		7987F696170EBB4100C23C26 /* Coacheller-iOS-Info.plist */ = {isa = PBXFileReference; lastKnownFileType = text.plist.xml; path = "Coacheller-iOS-Info.plist"; sourceTree = "<group>"; };
		7987F698170EBB4100C23C26 /* en */ = {isa = PBXFileReference; lastKnownFileType = text.plist.strings; name = en; path = en.lproj/InfoPlist.strings; sourceTree = "<group>"; };
		7987F69A170EBB4100C23C26 /* main.m */ = {isa = PBXFileReference; lastKnownFileType = sourcecode.c.objc; path = main.m; sourceTree = "<group>"; };
		7987F69C170EBB4100C23C26 /* Coacheller-iOS-Prefix.pch */ = {isa = PBXFileReference; lastKnownFileType = sourcecode.c.h; path = "Coacheller-iOS-Prefix.pch"; sourceTree = "<group>"; };
		7987F69D170EBB4100C23C26 /* CoachellerAppDelegate.h */ = {isa = PBXFileReference; lastKnownFileType = sourcecode.c.h; path = CoachellerAppDelegate.h; sourceTree = "<group>"; };
		7987F69E170EBB4100C23C26 /* CoachellerAppDelegate.m */ = {isa = PBXFileReference; lastKnownFileType = sourcecode.c.objc; path = CoachellerAppDelegate.m; sourceTree = "<group>"; };
		7987F6A0170EBB4100C23C26 /* Default.png */ = {isa = PBXFileReference; lastKnownFileType = image.png; path = Default.png; sourceTree = "<group>"; };
		7987F6A2170EBB4100C23C26 /* Default@2x.png */ = {isa = PBXFileReference; lastKnownFileType = image.png; path = "Default@2x.png"; sourceTree = "<group>"; };
		7987F6A4170EBB4100C23C26 /* Default-568h@2x.png */ = {isa = PBXFileReference; lastKnownFileType = image.png; path = "Default-568h@2x.png"; sourceTree = "<group>"; };
		7987F6A7170EBB4100C23C26 /* en */ = {isa = PBXFileReference; lastKnownFileType = file.storyboard; name = en; path = en.lproj/MainStoryboard_iPhone.storyboard; sourceTree = "<group>"; };
		7987F6AA170EBB4100C23C26 /* en */ = {isa = PBXFileReference; lastKnownFileType = file.storyboard; name = en; path = en.lproj/MainStoryboard_iPad.storyboard; sourceTree = "<group>"; };
		7987F6B6170EBC9200C23C26 /* CustomPair.h */ = {isa = PBXFileReference; fileEncoding = 4; lastKnownFileType = sourcecode.c.h; name = CustomPair.h; path = Model/Data/CustomPair.h; sourceTree = "<group>"; };
		7987F6B7170EBC9200C23C26 /* CustomPair.m */ = {isa = PBXFileReference; fileEncoding = 4; lastKnownFileType = sourcecode.c.objc; name = CustomPair.m; path = Model/Data/CustomPair.m; sourceTree = "<group>"; };
		7987F6BC170EBCCF00C23C26 /* JSONArrayHashMap.h */ = {isa = PBXFileReference; fileEncoding = 4; lastKnownFileType = sourcecode.c.h; name = JSONArrayHashMap.h; path = Model/Data/JSONArrayHashMap.h; sourceTree = "<group>"; };
		7987F6BD170EBCCF00C23C26 /* JSONArrayHashMap.m */ = {isa = PBXFileReference; fileEncoding = 4; lastKnownFileType = sourcecode.c.objc; name = JSONArrayHashMap.m; path = Model/Data/JSONArrayHashMap.m; sourceTree = "<group>"; };
		7987F6BF170EBCDE00C23C26 /* JSONArraySortMap.h */ = {isa = PBXFileReference; fileEncoding = 4; lastKnownFileType = sourcecode.c.h; name = JSONArraySortMap.h; path = Model/Data/JSONArraySortMap.h; sourceTree = "<group>"; };
		7987F6C0170EBCDE00C23C26 /* JSONArraySortMap.m */ = {isa = PBXFileReference; fileEncoding = 4; lastKnownFileType = sourcecode.c.objc; name = JSONArraySortMap.m; path = Model/Data/JSONArraySortMap.m; sourceTree = "<group>"; };
		7987F6C2170EBCED00C23C26 /* LoginData.h */ = {isa = PBXFileReference; fileEncoding = 4; lastKnownFileType = sourcecode.c.h; name = LoginData.h; path = Model/Data/LoginData.h; sourceTree = "<group>"; };
		7987F6C3170EBCED00C23C26 /* LoginData.m */ = {isa = PBXFileReference; fileEncoding = 4; lastKnownFileType = sourcecode.c.objc; name = LoginData.m; path = Model/Data/LoginData.m; sourceTree = "<group>"; };
		7987F6C8170EBD6000C23C26 /* SetDataForTVC.h */ = {isa = PBXFileReference; fileEncoding = 4; lastKnownFileType = sourcecode.c.h; path = SetDataForTVC.h; sourceTree = "<group>"; };
		7987F6C9170EBD6000C23C26 /* SetDataForTVC.m */ = {isa = PBXFileReference; fileEncoding = 4; lastKnownFileType = sourcecode.c.objc; path = SetDataForTVC.m; sourceTree = "<group>"; };
		799D9FE51714DA8C00391BFC /* Icon.png */ = {isa = PBXFileReference; lastKnownFileType = image.png; path = Icon.png; sourceTree = "<group>"; };
		799D9FE71714DA9E00391BFC /* Icon@2x.png */ = {isa = PBXFileReference; lastKnownFileType = image.png; path = "Icon@2x.png"; sourceTree = "<group>"; };
		79D97CA31712B4C600D0B813 /* AppConstants.h */ = {isa = PBXFileReference; fileEncoding = 4; lastKnownFileType = sourcecode.c.h; name = AppConstants.h; path = Model/AppConstants.h; sourceTree = "<group>"; };
		79D97CA41712B4C600D0B813 /* AppConstants.m */ = {isa = PBXFileReference; fileEncoding = 4; lastKnownFileType = sourcecode.c.objc; name = AppConstants.m; path = Model/AppConstants.m; sourceTree = "<group>"; };
		79D97CA61712BC6E00D0B813 /* SwitchDayViewController.h */ = {isa = PBXFileReference; fileEncoding = 4; lastKnownFileType = sourcecode.c.h; path = SwitchDayViewController.h; sourceTree = "<group>"; };
		79D97CA71712BC6E00D0B813 /* SwitchDayViewController.m */ = {isa = PBXFileReference; fileEncoding = 4; lastKnownFileType = sourcecode.c.objc; path = SwitchDayViewController.m; sourceTree = "<group>"; };
		79FAB66A17123FA900AAC9C7 /* StorageManager.h */ = {isa = PBXFileReference; fileEncoding = 4; lastKnownFileType = sourcecode.c.h; name = StorageManager.h; path = Model/StorageManager.h; sourceTree = "<group>"; };
		79FAB66B17123FA900AAC9C7 /* StorageManager.m */ = {isa = PBXFileReference; fileEncoding = 4; lastKnownFileType = sourcecode.c.objc; name = StorageManager.m; path = Model/StorageManager.m; sourceTree = "<group>"; };
		79FAB66D17126E6E00AAC9C7 /* CalendarUtils.h */ = {isa = PBXFileReference; fileEncoding = 4; lastKnownFileType = sourcecode.c.h; name = CalendarUtils.h; path = Model/CalendarUtils.h; sourceTree = "<group>"; };
		79FAB66E17126E6E00AAC9C7 /* CalendarUtils.m */ = {isa = PBXFileReference; fileEncoding = 4; lastKnownFileType = sourcecode.c.objc; name = CalendarUtils.m; path = Model/CalendarUtils.m; sourceTree = "<group>"; };
		F6033058171272610042E8B2 /* FacebookSDK.framework */ = {isa = PBXFileReference; lastKnownFileType = wrapper.framework; path = FacebookSDK.framework; sourceTree = "<group>"; };
		F603305A171272BF0042E8B2 /* FacebookSDKResources.bundle */ = {isa = PBXFileReference; lastKnownFileType = "wrapper.plug-in"; path = FacebookSDKResources.bundle; sourceTree = "<group>"; };
		F603305C171272EA0042E8B2 /* FBUserSettingsViewResources.bundle */ = {isa = PBXFileReference; lastKnownFileType = "wrapper.plug-in"; path = FBUserSettingsViewResources.bundle; sourceTree = "<group>"; };
		F603305E1712745E0042E8B2 /* Accounts.framework */ = {isa = PBXFileReference; lastKnownFileType = wrapper.framework; name = Accounts.framework; path = System/Library/Frameworks/Accounts.framework; sourceTree = SDKROOT; };
		F6033060171274660042E8B2 /* AdSupport.framework */ = {isa = PBXFileReference; lastKnownFileType = wrapper.framework; name = AdSupport.framework; path = System/Library/Frameworks/AdSupport.framework; sourceTree = SDKROOT; };
		F6033062171274730042E8B2 /* Social.framework */ = {isa = PBXFileReference; lastKnownFileType = wrapper.framework; name = Social.framework; path = System/Library/Frameworks/Social.framework; sourceTree = SDKROOT; };
		F6ED20C617126AC10094A99F /* LoginTestViewController.h */ = {isa = PBXFileReference; fileEncoding = 4; lastKnownFileType = sourcecode.c.h; path = LoginTestViewController.h; sourceTree = "<group>"; };
		F6ED20C717126AC10094A99F /* LoginTestViewController.m */ = {isa = PBXFileReference; fileEncoding = 4; lastKnownFileType = sourcecode.c.objc; path = LoginTestViewController.m; sourceTree = "<group>"; };
		F6ED20C917126D310094A99F /* FacebookAuthController.h */ = {isa = PBXFileReference; fileEncoding = 4; lastKnownFileType = sourcecode.c.h; path = FacebookAuthController.h; sourceTree = "<group>"; };
		F6ED20CA17126D310094A99F /* FacebookAuthController.m */ = {isa = PBXFileReference; fileEncoding = 4; lastKnownFileType = sourcecode.c.objc; path = FacebookAuthController.m; sourceTree = "<group>"; };
		F6ED20CC17126D5C0094A99F /* FacebookAuthModel.h */ = {isa = PBXFileReference; fileEncoding = 4; lastKnownFileType = sourcecode.c.h; name = FacebookAuthModel.h; path = Model/FacebookAuthModel.h; sourceTree = "<group>"; };
		F6ED20CD17126D5C0094A99F /* FacebookAuthModel.m */ = {isa = PBXFileReference; fileEncoding = 4; lastKnownFileType = sourcecode.c.objc; name = FacebookAuthModel.m; path = Model/FacebookAuthModel.m; sourceTree = "<group>"; };
		F6FD080017140C9A00DE2F75 /* AuthController.h */ = {isa = PBXFileReference; fileEncoding = 4; lastKnownFileType = sourcecode.c.h; path = AuthController.h; sourceTree = "<group>"; };
		F6FD080117140C9A00DE2F75 /* AuthController.m */ = {isa = PBXFileReference; fileEncoding = 4; lastKnownFileType = sourcecode.c.objc; path = AuthController.m; sourceTree = "<group>"; };
		F6FD080917141FCE00DE2F75 /* AuthProtocol.h */ = {isa = PBXFileReference; lastKnownFileType = sourcecode.c.h; path = AuthProtocol.h; sourceTree = "<group>"; };
		F6FD080A1714FC5D00DE2F75 /* FacebookDataProtocol.h */ = {isa = PBXFileReference; lastKnownFileType = sourcecode.c.h; path = FacebookDataProtocol.h; sourceTree = "<group>"; };
/* End PBXFileReference section */

/* Begin PBXFrameworksBuildPhase section */
		7987F688170EBB4100C23C26 /* Frameworks */ = {
			isa = PBXFrameworksBuildPhase;
			buildActionMask = 2147483647;
			files = (
				F6033063171274730042E8B2 /* Social.framework in Frameworks */,
				F6033061171274660042E8B2 /* AdSupport.framework in Frameworks */,
				F603305F1712745E0042E8B2 /* Accounts.framework in Frameworks */,
				7987F68F170EBB4100C23C26 /* UIKit.framework in Frameworks */,
				7987F691170EBB4100C23C26 /* Foundation.framework in Frameworks */,
				7987F693170EBB4100C23C26 /* CoreGraphics.framework in Frameworks */,
				F6033059171272610042E8B2 /* FacebookSDK.framework in Frameworks */,
			);
			runOnlyForDeploymentPostprocessing = 0;
		};
/* End PBXFrameworksBuildPhase section */

/* Begin PBXGroup section */
		7987F682170EBB4100C23C26 = {
			isa = PBXGroup;
			children = (
				799D9FE71714DA9E00391BFC /* Icon@2x.png */,
				799D9FE51714DA8C00391BFC /* Icon.png */,
				7987F694170EBB4100C23C26 /* Coacheller-iOS */,
				7987F68D170EBB4100C23C26 /* Frameworks */,
				7987F68C170EBB4100C23C26 /* Products */,
			);
			sourceTree = "<group>";
		};
		7987F68C170EBB4100C23C26 /* Products */ = {
			isa = PBXGroup;
			children = (
				7987F68B170EBB4100C23C26 /* Coacheller.app */,
			);
			name = Products;
			sourceTree = "<group>";
		};
		7987F68D170EBB4100C23C26 /* Frameworks */ = {
			isa = PBXGroup;
			children = (
				F6033062171274730042E8B2 /* Social.framework */,
				F6033060171274660042E8B2 /* AdSupport.framework */,
				F603305E1712745E0042E8B2 /* Accounts.framework */,
				F603305C171272EA0042E8B2 /* FBUserSettingsViewResources.bundle */,
				F603305A171272BF0042E8B2 /* FacebookSDKResources.bundle */,
				F6033058171272610042E8B2 /* FacebookSDK.framework */,
				7987F68E170EBB4100C23C26 /* UIKit.framework */,
				7987F690170EBB4100C23C26 /* Foundation.framework */,
				7987F692170EBB4100C23C26 /* CoreGraphics.framework */,
			);
			name = Frameworks;
			sourceTree = "<group>";
		};
		7987F694170EBB4100C23C26 /* Coacheller-iOS */ = {
			isa = PBXGroup;
			children = (
				F6FD0806171414BC00DE2F75 /* Auth */,
				7987F6A6170EBB4100C23C26 /* MainStoryboard_iPhone.storyboard */,
				79173885170F924700A5D750 /* SetTableViewController.h */,
				79173886170F924700A5D750 /* SetTableViewController.m */,
				79D97CA61712BC6E00D0B813 /* SwitchDayViewController.h */,
				79D97CA71712BC6E00D0B813 /* SwitchDayViewController.m */,
				793FB9E21715DD950001C07E /* RateSetViewController.h */,
				793FB9E31715DD950001C07E /* RateSetViewController.m */,
				F6ED20C617126AC10094A99F /* LoginTestViewController.h */,
				F6ED20C717126AC10094A99F /* LoginTestViewController.m */,
				7987F6C8170EBD6000C23C26 /* SetDataForTVC.h */,
				7987F6C9170EBD6000C23C26 /* SetDataForTVC.m */,
				7987F6B4170EBC5F00C23C26 /* Model */,
				7987F695170EBB4100C23C26 /* Supporting Files */,
			);
			path = "Coacheller-iOS";
			sourceTree = "<group>";
		};
		7987F695170EBB4100C23C26 /* Supporting Files */ = {
			isa = PBXGroup;
			children = (
				7987F6A9170EBB4100C23C26 /* MainStoryboard_iPad.storyboard */,
				7987F69D170EBB4100C23C26 /* CoachellerAppDelegate.h */,
				7987F69E170EBB4100C23C26 /* CoachellerAppDelegate.m */,
				7987F696170EBB4100C23C26 /* Coacheller-iOS-Info.plist */,
				7987F697170EBB4100C23C26 /* InfoPlist.strings */,
				7987F69A170EBB4100C23C26 /* main.m */,
				7987F69C170EBB4100C23C26 /* Coacheller-iOS-Prefix.pch */,
				7987F6A0170EBB4100C23C26 /* Default.png */,
				7987F6A2170EBB4100C23C26 /* Default@2x.png */,
				7987F6A4170EBB4100C23C26 /* Default-568h@2x.png */,
			);
			name = "Supporting Files";
			sourceTree = "<group>";
		};
		7987F6B4170EBC5F00C23C26 /* Model */ = {
			isa = PBXGroup;
			children = (
				79D97CA31712B4C600D0B813 /* AppConstants.h */,
				79D97CA41712B4C600D0B813 /* AppConstants.m */,
				79FAB66D17126E6E00AAC9C7 /* CalendarUtils.h */,
				79FAB66E17126E6E00AAC9C7 /* CalendarUtils.m */,
				79FAB66A17123FA900AAC9C7 /* StorageManager.h */,
				79FAB66B17123FA900AAC9C7 /* StorageManager.m */,
				7987F6B5170EBC6D00C23C26 /* Data */,
			);
			name = Model;
			sourceTree = "<group>";
		};
		7987F6B5170EBC6D00C23C26 /* Data */ = {
			isa = PBXGroup;
			children = (
				7987F6B6170EBC9200C23C26 /* CustomPair.h */,
				7987F6B7170EBC9200C23C26 /* CustomPair.m */,
				7987F6BC170EBCCF00C23C26 /* JSONArrayHashMap.h */,
				7987F6BD170EBCCF00C23C26 /* JSONArrayHashMap.m */,
				7987F6BF170EBCDE00C23C26 /* JSONArraySortMap.h */,
				7987F6C0170EBCDE00C23C26 /* JSONArraySortMap.m */,
				7987F6C2170EBCED00C23C26 /* LoginData.h */,
				7987F6C3170EBCED00C23C26 /* LoginData.m */,
			);
			name = Data;
			sourceTree = "<group>";
		};
		F6FD0806171414BC00DE2F75 /* Auth */ = {
			isa = PBXGroup;
			children = (
				F6ED20C917126D310094A99F /* FacebookAuthController.h */,
				F6ED20CA17126D310094A99F /* FacebookAuthController.m */,
				F6ED20CC17126D5C0094A99F /* FacebookAuthModel.h */,
				F6ED20CD17126D5C0094A99F /* FacebookAuthModel.m */,
				F6FD080017140C9A00DE2F75 /* AuthController.h */,
				F6FD080117140C9A00DE2F75 /* AuthController.m */,
				F6FD080917141FCE00DE2F75 /* AuthProtocol.h */,
				F6FD080A1714FC5D00DE2F75 /* FacebookDataProtocol.h */,
			);
			name = Auth;
			sourceTree = "<group>";
		};
/* End PBXGroup section */

/* Begin PBXNativeTarget section */
		7987F68A170EBB4100C23C26 /* Coacheller-iOS */ = {
			isa = PBXNativeTarget;
			buildConfigurationList = 7987F6B1170EBB4100C23C26 /* Build configuration list for PBXNativeTarget "Coacheller-iOS" */;
			buildPhases = (
				7987F687170EBB4100C23C26 /* Sources */,
				7987F688170EBB4100C23C26 /* Frameworks */,
				7987F689170EBB4100C23C26 /* Resources */,
			);
			buildRules = (
			);
			dependencies = (
			);
			name = "Coacheller-iOS";
			productName = "Coacheller-iOS";
			productReference = 7987F68B170EBB4100C23C26 /* Coacheller.app */;
			productType = "com.apple.product-type.application";
		};
/* End PBXNativeTarget section */

/* Begin PBXProject section */
		7987F683170EBB4100C23C26 /* Project object */ = {
			isa = PBXProject;
			attributes = {
				CLASSPREFIX = Coacheller;
				LastUpgradeCheck = 0460;
				ORGANIZATIONNAME = Fanster;
			};
			buildConfigurationList = 7987F686170EBB4100C23C26 /* Build configuration list for PBXProject "Coacheller-iOS" */;
			compatibilityVersion = "Xcode 3.2";
			developmentRegion = English;
			hasScannedForEncodings = 0;
			knownRegions = (
				en,
			);
			mainGroup = 7987F682170EBB4100C23C26;
			productRefGroup = 7987F68C170EBB4100C23C26 /* Products */;
			projectDirPath = "";
			projectRoot = "";
			targets = (
				7987F68A170EBB4100C23C26 /* Coacheller-iOS */,
			);
		};
/* End PBXProject section */

/* Begin PBXResourcesBuildPhase section */
		7987F689170EBB4100C23C26 /* Resources */ = {
			isa = PBXResourcesBuildPhase;
			buildActionMask = 2147483647;
			files = (
				7987F699170EBB4100C23C26 /* InfoPlist.strings in Resources */,
				7987F6A1170EBB4100C23C26 /* Default.png in Resources */,
				7987F6A3170EBB4100C23C26 /* Default@2x.png in Resources */,
				7987F6A5170EBB4100C23C26 /* Default-568h@2x.png in Resources */,
				7987F6A8170EBB4100C23C26 /* MainStoryboard_iPhone.storyboard in Resources */,
				7987F6AB170EBB4100C23C26 /* MainStoryboard_iPad.storyboard in Resources */,
				F603305B171272BF0042E8B2 /* FacebookSDKResources.bundle in Resources */,
				F603305D171272EA0042E8B2 /* FBUserSettingsViewResources.bundle in Resources */,
				799D9FE61714DA8C00391BFC /* Icon.png in Resources */,
				799D9FE81714DA9E00391BFC /* Icon@2x.png in Resources */,
			);
			runOnlyForDeploymentPostprocessing = 0;
		};
/* End PBXResourcesBuildPhase section */

/* Begin PBXSourcesBuildPhase section */
		7987F687170EBB4100C23C26 /* Sources */ = {
			isa = PBXSourcesBuildPhase;
			buildActionMask = 2147483647;
			files = (
				7987F69B170EBB4100C23C26 /* main.m in Sources */,
				7987F69F170EBB4100C23C26 /* CoachellerAppDelegate.m in Sources */,
				7987F6B8170EBC9200C23C26 /* CustomPair.m in Sources */,
				7987F6BE170EBCCF00C23C26 /* JSONArrayHashMap.m in Sources */,
				7987F6C1170EBCDE00C23C26 /* JSONArraySortMap.m in Sources */,
				7987F6C4170EBCED00C23C26 /* LoginData.m in Sources */,
				7987F6CA170EBD6000C23C26 /* SetDataForTVC.m in Sources */,
				79173887170F924700A5D750 /* SetTableViewController.m in Sources */,
				79FAB66C17123FA900AAC9C7 /* StorageManager.m in Sources */,
				F6ED20C817126AC10094A99F /* LoginTestViewController.m in Sources */,
				F6ED20CB17126D310094A99F /* FacebookAuthController.m in Sources */,
				F6ED20CE17126D5C0094A99F /* FacebookAuthModel.m in Sources */,
				79FAB66F17126E6F00AAC9C7 /* CalendarUtils.m in Sources */,
				79D97CA51712B4C600D0B813 /* AppConstants.m in Sources */,
				79D97CA81712BC6E00D0B813 /* SwitchDayViewController.m in Sources */,
				F6FD080217140C9A00DE2F75 /* AuthController.m in Sources */,
				793FB9E41715DD950001C07E /* RateSetViewController.m in Sources */,
			);
			runOnlyForDeploymentPostprocessing = 0;
		};
/* End PBXSourcesBuildPhase section */

/* Begin PBXVariantGroup section */
		7987F697170EBB4100C23C26 /* InfoPlist.strings */ = {
			isa = PBXVariantGroup;
			children = (
				7987F698170EBB4100C23C26 /* en */,
			);
			name = InfoPlist.strings;
			sourceTree = "<group>";
		};
		7987F6A6170EBB4100C23C26 /* MainStoryboard_iPhone.storyboard */ = {
			isa = PBXVariantGroup;
			children = (
				7987F6A7170EBB4100C23C26 /* en */,
			);
			name = MainStoryboard_iPhone.storyboard;
			sourceTree = "<group>";
		};
		7987F6A9170EBB4100C23C26 /* MainStoryboard_iPad.storyboard */ = {
			isa = PBXVariantGroup;
			children = (
				7987F6AA170EBB4100C23C26 /* en */,
			);
			name = MainStoryboard_iPad.storyboard;
			sourceTree = "<group>";
		};
/* End PBXVariantGroup section */

/* Begin XCBuildConfiguration section */
		7987F6AF170EBB4100C23C26 /* Debug */ = {
			isa = XCBuildConfiguration;
			buildSettings = {
				ALWAYS_SEARCH_USER_PATHS = NO;
				CLANG_CXX_LANGUAGE_STANDARD = "gnu++0x";
				CLANG_CXX_LIBRARY = "libc++";
				CLANG_ENABLE_OBJC_ARC = YES;
				CLANG_WARN_CONSTANT_CONVERSION = YES;
				CLANG_WARN_EMPTY_BODY = YES;
				CLANG_WARN_ENUM_CONVERSION = YES;
				CLANG_WARN_INT_CONVERSION = YES;
				CLANG_WARN__DUPLICATE_METHOD_MATCH = YES;
				"CODE_SIGN_IDENTITY[sdk=iphoneos*]" = "iPhone Developer";
				COPY_PHASE_STRIP = NO;
				GCC_C_LANGUAGE_STANDARD = gnu99;
				GCC_DYNAMIC_NO_PIC = NO;
				GCC_OPTIMIZATION_LEVEL = 0;
				GCC_PREPROCESSOR_DEFINITIONS = (
					"DEBUG=1",
					"$(inherited)",
				);
				GCC_SYMBOLS_PRIVATE_EXTERN = NO;
				GCC_WARN_ABOUT_RETURN_TYPE = YES;
				GCC_WARN_UNINITIALIZED_AUTOS = YES;
				GCC_WARN_UNUSED_VARIABLE = YES;
				IPHONEOS_DEPLOYMENT_TARGET = 6.1;
				ONLY_ACTIVE_ARCH = YES;
				SDKROOT = iphoneos;
				TARGETED_DEVICE_FAMILY = "1,2";
			};
			name = Debug;
		};
		7987F6B0170EBB4100C23C26 /* Release */ = {
			isa = XCBuildConfiguration;
			buildSettings = {
				ALWAYS_SEARCH_USER_PATHS = NO;
				CLANG_CXX_LANGUAGE_STANDARD = "gnu++0x";
				CLANG_CXX_LIBRARY = "libc++";
				CLANG_ENABLE_OBJC_ARC = YES;
				CLANG_WARN_CONSTANT_CONVERSION = YES;
				CLANG_WARN_EMPTY_BODY = YES;
				CLANG_WARN_ENUM_CONVERSION = YES;
				CLANG_WARN_INT_CONVERSION = YES;
				CLANG_WARN__DUPLICATE_METHOD_MATCH = YES;
				"CODE_SIGN_IDENTITY[sdk=iphoneos*]" = "iPhone Developer";
				COPY_PHASE_STRIP = YES;
				GCC_C_LANGUAGE_STANDARD = gnu99;
				GCC_WARN_ABOUT_RETURN_TYPE = YES;
				GCC_WARN_UNINITIALIZED_AUTOS = YES;
				GCC_WARN_UNUSED_VARIABLE = YES;
				IPHONEOS_DEPLOYMENT_TARGET = 6.1;
				OTHER_CFLAGS = "-DNS_BLOCK_ASSERTIONS=1";
				SDKROOT = iphoneos;
				TARGETED_DEVICE_FAMILY = "1,2";
				VALIDATE_PRODUCT = YES;
			};
			name = Release;
		};
		7987F6B2170EBB4100C23C26 /* Debug */ = {
			isa = XCBuildConfiguration;
			buildSettings = {
				FRAMEWORK_SEARCH_PATHS = (
					"$(inherited)",
					"\"$(SRCROOT)\"",
				);
				GCC_PRECOMPILE_PREFIX_HEADER = YES;
				GCC_PREFIX_HEADER = "Coacheller-iOS/Coacheller-iOS-Prefix.pch";
				INFOPLIST_FILE = "Coacheller-iOS/Coacheller-iOS-Info.plist";
				IPHONEOS_DEPLOYMENT_TARGET = 6.1;
				OTHER_LDFLAGS = (
					"-lsqlite3.0",
					"-ObjC",
				);
				PRODUCT_NAME = Coacheller;
				TARGETED_DEVICE_FAMILY = 1;
				WRAPPER_EXTENSION = app;
			};
			name = Debug;
		};
		7987F6B3170EBB4100C23C26 /* Release */ = {
			isa = XCBuildConfiguration;
			buildSettings = {
				FRAMEWORK_SEARCH_PATHS = (
					"$(inherited)",
					"\"$(SRCROOT)\"",
				);
				GCC_PRECOMPILE_PREFIX_HEADER = YES;
				GCC_PREFIX_HEADER = "Coacheller-iOS/Coacheller-iOS-Prefix.pch";
				INFOPLIST_FILE = "Coacheller-iOS/Coacheller-iOS-Info.plist";
				IPHONEOS_DEPLOYMENT_TARGET = 6.1;
				OTHER_LDFLAGS = (
					"-lsqlite3.0",
					"-ObjC",
				);
				PRODUCT_NAME = Coacheller;
				TARGETED_DEVICE_FAMILY = 1;
				WRAPPER_EXTENSION = app;
			};
			name = Release;
		};
/* End XCBuildConfiguration section */

/* Begin XCConfigurationList section */
		7987F686170EBB4100C23C26 /* Build configuration list for PBXProject "Coacheller-iOS" */ = {
			isa = XCConfigurationList;
			buildConfigurations = (
				7987F6AF170EBB4100C23C26 /* Debug */,
				7987F6B0170EBB4100C23C26 /* Release */,
			);
			defaultConfigurationIsVisible = 0;
			defaultConfigurationName = Release;
		};
		7987F6B1170EBB4100C23C26 /* Build configuration list for PBXNativeTarget "Coacheller-iOS" */ = {
			isa = XCConfigurationList;
			buildConfigurations = (
				7987F6B2170EBB4100C23C26 /* Debug */,
				7987F6B3170EBB4100C23C26 /* Release */,
			);
			defaultConfigurationIsVisible = 0;
			defaultConfigurationName = Release;
		};
/* End XCConfigurationList section */
	};
	rootObject = 7987F683170EBB4100C23C26 /* Project object */;
}
